
Microsoft Visual Studio Solution File, Format Version 12.00
# Visual Studio 15
Project("{FAE04EC0-301F-11D3-BF4B-00C04F79EFBC}") = "Unity.ML-Agents", "Unity.ML-Agents.csproj", "{BE0E2630-95D3-6B01-688F-66F618BF4D38}"
EndProject
Project("{FAE04EC0-301F-11D3-BF4B-00C04F79EFBC}") = "Unity.ML-Agents.CommunicatorObjects", "Unity.ML-Agents.CommunicatorObjects.csproj", "{A9D2F9BA-CBAE-E0DA-7114-963653601611}"
EndProject
Project("{FAE04EC0-301F-11D3-BF4B-00C04F79EFBC}") = "Assembly-CSharp", "Assembly-CSharp.csproj", "{358E3B1D-6584-0AAC-17A9-F370514C30E8}"
EndProject
Project("{FAE04EC0-301F-11D3-BF4B-00C04F79EFBC}") = "Unity.ML-Agents.Editor", "Unity.ML-Agents.Editor.csproj", "{1E3418F7-A67A-81FF-FEE2-6FFB01EA810F}"
EndProject
Project("{FAE04EC0-301F-11D3-BF4B-00C04F79EFBC}") = "Assembly-CSharp-Editor", "Assembly-CSharp-Editor.csproj", "{01DE2AB7-B232-935B-D133-FAD4AD0AE4CE}"
EndProject
Global
	GlobalSection(SolutionConfigurationPlatforms) = preSolution
		Debug|Any CPU = Debug|Any CPU
		Release|Any CPU = Release|Any CPU
	EndGlobalSection
	GlobalSection(ProjectConfigurationPlatforms) = postSolution
		{BE0E2630-95D3-6B01-688F-66F618BF4D38}.Debug|Any CPU.ActiveCfg = Debug|Any CPU
		{BE0E2630-95D3-6B01-688F-66F618BF4D38}.Debug|Any CPU.Build.0 = Debug|Any CPU
		{BE0E2630-95D3-6B01-688F-66F618BF4D38}.Release|Any CPU.ActiveCfg = Release|Any CPU
		{BE0E2630-95D3-6B01-688F-66F618BF4D38}.Release|Any CPU.Build.0 = Release|Any CPU
		{A9D2F9BA-CBAE-E0DA-7114-963653601611}.Debug|Any CPU.ActiveCfg = Debug|Any CPU
		{A9D2F9BA-CBAE-E0DA-7114-963653601611}.Debug|Any CPU.Build.0 = Debug|Any CPU
		{A9D2F9BA-CBAE-E0DA-7114-963653601611}.Release|Any CPU.ActiveCfg = Release|Any CPU
		{A9D2F9BA-CBAE-E0DA-7114-963653601611}.Release|Any CPU.Build.0 = Release|Any CPU
		{358E3B1D-6584-0AAC-17A9-F370514C30E8}.Debug|Any CPU.ActiveCfg = Debug|Any CPU
		{358E3B1D-6584-0AAC-17A9-F370514C30E8}.Debug|Any CPU.Build.0 = Debug|Any CPU
		{358E3B1D-6584-0AAC-17A9-F370514C30E8}.Release|Any CPU.ActiveCfg = Release|Any CPU
		{358E3B1D-6584-0AAC-17A9-F370514C30E8}.Release|Any CPU.Build.0 = Release|Any CPU
		{1E3418F7-A67A-81FF-FEE2-6FFB01EA810F}.Debug|Any CPU.ActiveCfg = Debug|Any CPU
		{1E3418F7-A67A-81FF-FEE2-6FFB01EA810F}.Debug|Any CPU.Build.0 = Debug|Any CPU
		{1E3418F7-A67A-81FF-FEE2-6FFB01EA810F}.Release|Any CPU.ActiveCfg = Release|Any CPU
		{1E3418F7-A67A-81FF-FEE2-6FFB01EA810F}.Release|Any CPU.Build.0 = Release|Any CPU
		{01DE2AB7-B232-935B-D133-FAD4AD0AE4CE}.Debug|Any CPU.ActiveCfg = Debug|Any CPU
		{01DE2AB7-B232-935B-D133-FAD4AD0AE4CE}.Debug|Any CPU.Build.0 = Debug|Any CPU
		{01DE2AB7-B232-935B-D133-FAD4AD0AE4CE}.Release|Any CPU.ActiveCfg = Release|Any CPU
		{01DE2AB7-B232-935B-D133-FAD4AD0AE4CE}.Release|Any CPU.Build.0 = Release|Any CPU
	EndGlobalSection
	GlobalSection(SolutionProperties) = preSolution
		HideSolutionNode = FALSE
	EndGlobalSection
EndGlobal
